{
  "name": "ada-gatekeeper-preview-tooling",
  "lockfileVersion": 3,
  "requires": true,
  "packages": {
    "": {
      "name": "ada-gatekeeper-preview-tooling",
      "devDependencies": {
        "@flair-agency/architecture-gatekeeper": "0.6.0-preview.2"
      }
    },
    "node_modules/@flair-agency/architecture-gatekeeper": {
      "version": "0.6.0-preview.2",
      "resolved": "https://npm.pkg.github.com/download/@flair-agency/architecture-gatekeeper/0.6.0-preview.2/e29a8ec1f06dd0d4da49238809f150abc908e5ad",
      "integrity": "sha512-FnBU27TtOButD97kMQfptYa/WM7exw9btdd9O8H/dGkzYMHuG9nT/mUiP6eMcnhqZmxGzR/xlIYi8Z7QEBNIvw==",
      "dev": true,
      "license": "MIT",
      "bin": {
        "architecture-gate-policy": "src/resolve-ci-policy.mjs",
        "architecture-gatekeeper": "src/local-gate.mjs",
        "architecture-owner-addition-finalize": "src/owner-addition-finalize.mjs",
        "architecture-review": "src/manual-review.mjs",
        "architecture-review-native": "src/native-review.mjs"
      },
      "engines": {
        "node": ">=22"
      }
    }
  }
}
