{
  "name": "ada-gatekeeper-preview-tooling",
  "lockfileVersion": 3,
  "requires": true,
  "packages": {
    "": {
      "name": "ada-gatekeeper-preview-tooling",
      "devDependencies": {
        "@flair-agency/architecture-gatekeeper": "0.6.0-preview.3"
      }
    },
    "node_modules/@flair-agency/architecture-gatekeeper": {
      "version": "0.6.0-preview.3",
      "resolved": "https://npm.pkg.github.com/download/@flair-agency/architecture-gatekeeper/0.6.0-preview.3/fa96d810356b6b7100bae0dceff7d1ee7b2f9933",
      "integrity": "sha512-nRiPFpR3Tz++N+cRP3oJ7mH4B9NGEaEsJLTIoTttwVzifkAOmeAkXwIOWzfKOXceYzjPjyjxSFAkMeASifqGbw==",
      "dev": true,
      "license": "MIT",
      "bin": {
        "architecture-gate-policy": "src/resolve-ci-policy.mjs",
        "architecture-gatekeeper": "src/local-gate.mjs",
        "architecture-owner-addition-finalize": "src/owner-addition-finalize.mjs",
        "architecture-review": "src/manual-review.mjs",
        "architecture-review-native": "src/native-review.mjs",
        "architecture-review-gemini-ci": "src/gemini-launcher.mjs"
      },
      "engines": {
        "node": ">=22"
      }
    }
  }
}
